# This file is generated by running "yarn install" inside your project.
# Manual changes might be lost - proceed with caution!

__metadata:
  version: 8
  cacheKey: 10c0

"@cloudflare/workers-types@npm:^4.20250816.0":
  version: 4.20250816.0
  resolution: "@cloudflare/workers-types@npm:4.20250816.0"
  checksum: 10c0/497a0cda3f3670c379f9af51989b85f50a1d8e2cbf86f818f425ee05fa9245e49c9ccfbb7b782d5da5274e40fea1467f11e45a233f2e82d93002036e06905835
  languageName: node
  linkType: hard

"ui@workspace:.":
  version: 0.0.0-use.local
  resolution: "ui@workspace:."
  dependencies:
    "@cloudflare/workers-types": "npm:^4.20250816.0"
  languageName: unknown
  linkType: soft
